// !$*UTF8*$!
{
	archiveVersion = 1;
	classes = {
	};
	objectVersion = 50;
	objects = {

/* Begin PBXBuildFile section */
		8C714B392509D3CD00F84A90 /* AppDelegate.swift in Sources */ = {isa = PBXBuildFile; fileRef = 8C714B382509D3CD00F84A90 /* AppDelegate.swift */; };
		8C714B3B2509D3CD00F84A90 /* SceneDelegate.swift in Sources */ = {isa = PBXBuildFile; fileRef = 8C714B3A2509D3CD00F84A90 /* SceneDelegate.swift */; };
		8C714B3D2509D3CD00F84A90 /* ViewController.swift in Sources */ = {isa = PBXBuildFile; fileRef = 8C714B3C2509D3CD00F84A90 /* ViewController.swift */; };
		8C714B402509D3CD00F84A90 /* Main.storyboard in Resources */ = {isa = PBXBuildFile; fileRef = 8C714B3E2509D3CD00F84A90 /* Main.storyboard */; };
		8C714B422509D3CF00F84A90 /* Assets.xcassets in Resources */ = {isa = PBXBuildFile; fileRef = 8C714B412509D3CF00F84A90 /* Assets.xcassets */; };
		8C714B452509D3CF00F84A90 /* LaunchScreen.storyboard in Resources */ = {isa = PBXBuildFile; fileRef = 8C714B432509D3CF00F84A90 /* LaunchScreen.storyboard */; };
		8C714B4A2509D3CF00F84A90 /* Multiple Screens WatchKit App.app in Embed Watch Content */ = {isa = PBXBuildFile; fileRef = 8C714B492509D3CF00F84A90 /* Multiple Screens WatchKit App.app */; settings = {ATTRIBUTES = (RemoveHeadersOnCopy, ); }; };
		8C714B502509D3CF00F84A90 /* Interface.storyboard in Resources */ = {isa = PBXBuildFile; fileRef = 8C714B4E2509D3CF00F84A90 /* Interface.storyboard */; };
		8C714B522509D3D000F84A90 /* Assets.xcassets in Resources */ = {isa = PBXBuildFile; fileRef = 8C714B512509D3D000F84A90 /* Assets.xcassets */; };
		8C714B592509D3D000F84A90 /* Multiple Screens WatchKit Extension.appex in Embed App Extensions */ = {isa = PBXBuildFile; fileRef = 8C714B582509D3D000F84A90 /* Multiple Screens WatchKit Extension.appex */; settings = {ATTRIBUTES = (RemoveHeadersOnCopy, ); }; };
		8C714B5E2509D3D000F84A90 /* InterfaceController.swift in Sources */ = {isa = PBXBuildFile; fileRef = 8C714B5D2509D3D000F84A90 /* InterfaceController.swift */; };
		8C714B602509D3D000F84A90 /* ExtensionDelegate.swift in Sources */ = {isa = PBXBuildFile; fileRef = 8C714B5F2509D3D000F84A90 /* ExtensionDelegate.swift */; };
		8C714B622509D3D000F84A90 /* NotificationController.swift in Sources */ = {isa = PBXBuildFile; fileRef = 8C714B612509D3D000F84A90 /* NotificationController.swift */; };
		8C714B642509D3D100F84A90 /* Assets.xcassets in Resources */ = {isa = PBXBuildFile; fileRef = 8C714B632509D3D100F84A90 /* Assets.xcassets */; };
/* End PBXBuildFile section */

/* Begin PBXContainerItemProxy section */
		8C714B4B2509D3CF00F84A90 /* PBXContainerItemProxy */ = {
			isa = PBXContainerItemProxy;
			containerPortal = 8C714B2D2509D3CD00F84A90 /* Project object */;
			proxyType = 1;
			remoteGlobalIDString = 8C714B482509D3CF00F84A90;
			remoteInfo = "Multiple Screens WatchKit App";
		};
		8C714B5A2509D3D000F84A90 /* PBXContainerItemProxy */ = {
			isa = PBXContainerItemProxy;
			containerPortal = 8C714B2D2509D3CD00F84A90 /* Project object */;
			proxyType = 1;
			remoteGlobalIDString = 8C714B572509D3D000F84A90;
			remoteInfo = "Multiple Screens WatchKit Extension";
		};
/* End PBXContainerItemProxy section */

/* Begin PBXCopyFilesBuildPhase section */
		8C714B6C2509D3D100F84A90 /* Embed App Extensions */ = {
			isa = PBXCopyFilesBuildPhase;
			buildActionMask = 2147483647;
			dstPath = "";
			dstSubfolderSpec = 13;
			files = (
				8C714B592509D3D000F84A90 /* Multiple Screens WatchKit Extension.appex in Embed App Extensions */,
			);
			name = "Embed App Extensions";
			runOnlyForDeploymentPostprocessing = 0;
		};
		8C714B702509D3D100F84A90 /* Embed Watch Content */ = {
			isa = PBXCopyFilesBuildPhase;
			buildActionMask = 2147483647;
			dstPath = "$(CONTENTS_FOLDER_PATH)/Watch";
			dstSubfolderSpec = 16;
			files = (
				8C714B4A2509D3CF00F84A90 /* Multiple Screens WatchKit App.app in Embed Watch Content */,
			);
			name = "Embed Watch Content";
			runOnlyForDeploymentPostprocessing = 0;
		};
/* End PBXCopyFilesBuildPhase section */

/* Begin PBXFileReference section */
		8C714B352509D3CD00F84A90 /* Multiple Screens.app */ = {isa = PBXFileReference; explicitFileType = wrapper.application; includeInIndex = 0; path = "Multiple Screens.app"; sourceTree = BUILT_PRODUCTS_DIR; };
		8C714B382509D3CD00F84A90 /* AppDelegate.swift */ = {isa = PBXFileReference; lastKnownFileType = sourcecode.swift; path = AppDelegate.swift; sourceTree = "<group>"; };
		8C714B3A2509D3CD00F84A90 /* SceneDelegate.swift */ = {isa = PBXFileReference; lastKnownFileType = sourcecode.swift; path = SceneDelegate.swift; sourceTree = "<group>"; };
		8C714B3C2509D3CD00F84A90 /* ViewController.swift */ = {isa = PBXFileReference; lastKnownFileType = sourcecode.swift; path = ViewController.swift; sourceTree = "<group>"; };
		8C714B3F2509D3CD00F84A90 /* Base */ = {isa = PBXFileReference; lastKnownFileType = file.storyboard; name = Base; path = Base.lproj/Main.storyboard; sourceTree = "<group>"; };
		8C714B412509D3CF00F84A90 /* Assets.xcassets */ = {isa = PBXFileReference; lastKnownFileType = folder.assetcatalog; path = Assets.xcassets; sourceTree = "<group>"; };
		8C714B442509D3CF00F84A90 /* Base */ = {isa = PBXFileReference; lastKnownFileType = file.storyboard; name = Base; path = Base.lproj/LaunchScreen.storyboard; sourceTree = "<group>"; };
		8C714B462509D3CF00F84A90 /* Info.plist */ = {isa = PBXFileReference; lastKnownFileType = text.plist.xml; path = Info.plist; sourceTree = "<group>"; };
		8C714B492509D3CF00F84A90 /* Multiple Screens WatchKit App.app */ = {isa = PBXFileReference; explicitFileType = wrapper.application; includeInIndex = 0; path = "Multiple Screens WatchKit App.app"; sourceTree = BUILT_PRODUCTS_DIR; };
		8C714B4F2509D3CF00F84A90 /* Base */ = {isa = PBXFileReference; lastKnownFileType = file.storyboard; name = Base; path = Base.lproj/Interface.storyboard; sourceTree = "<group>"; };
		8C714B512509D3D000F84A90 /* Assets.xcassets */ = {isa = PBXFileReference; lastKnownFileType = folder.assetcatalog; path = Assets.xcassets; sourceTree = "<group>"; };
		8C714B532509D3D000F84A90 /* Info.plist */ = {isa = PBXFileReference; lastKnownFileType = text.plist.xml; path = Info.plist; sourceTree = "<group>"; };
		8C714B582509D3D000F84A90 /* Multiple Screens WatchKit Extension.appex */ = {isa = PBXFileReference; explicitFileType = "wrapper.app-extension"; includeInIndex = 0; path = "Multiple Screens WatchKit Extension.appex"; sourceTree = BUILT_PRODUCTS_DIR; };
		8C714B5D2509D3D000F84A90 /* InterfaceController.swift */ = {isa = PBXFileReference; lastKnownFileType = sourcecode.swift; path = InterfaceController.swift; sourceTree = "<group>"; };
		8C714B5F2509D3D000F84A90 /* ExtensionDelegate.swift */ = {isa = PBXFileReference; lastKnownFileType = sourcecode.swift; path = ExtensionDelegate.swift; sourceTree = "<group>"; };
		8C714B612509D3D000F84A90 /* NotificationController.swift */ = {isa = PBXFileReference; lastKnownFileType = sourcecode.swift; path = NotificationController.swift; sourceTree = "<group>"; };
		8C714B632509D3D100F84A90 /* Assets.xcassets */ = {isa = PBXFileReference; lastKnownFileType = folder.assetcatalog; path = Assets.xcassets; sourceTree = "<group>"; };
		8C714B652509D3D100F84A90 /* Info.plist */ = {isa = PBXFileReference; lastKnownFileType = text.plist.xml; path = Info.plist; sourceTree = "<group>"; };
		8C714B662509D3D100F84A90 /* PushNotificationPayload.apns */ = {isa = PBXFileReference; lastKnownFileType = text; path = PushNotificationPayload.apns; sourceTree = "<group>"; };
/* End PBXFileReference section */

/* Begin PBXFrameworksBuildPhase section */
		8C714B322509D3CD00F84A90 /* Frameworks */ = {
			isa = PBXFrameworksBuildPhase;
			buildActionMask = 2147483647;
			files = (
			);
			runOnlyForDeploymentPostprocessing = 0;
		};
		8C714B552509D3D000F84A90 /* Frameworks */ = {
			isa = PBXFrameworksBuildPhase;
			buildActionMask = 2147483647;
			files = (
			);
			runOnlyForDeploymentPostprocessing = 0;
		};
/* End PBXFrameworksBuildPhase section */

/* Begin PBXGroup section */
		8C714B2C2509D3CD00F84A90 = {
			isa = PBXGroup;
			children = (
				8C714B372509D3CD00F84A90 /* Multiple Screens */,
				8C714B4D2509D3CF00F84A90 /* Multiple Screens WatchKit App */,
				8C714B5C2509D3D000F84A90 /* Multiple Screens WatchKit Extension */,
				8C714B362509D3CD00F84A90 /* Products */,
			);
			sourceTree = "<group>";
		};
		8C714B362509D3CD00F84A90 /* Products */ = {
			isa = PBXGroup;
			children = (
				8C714B352509D3CD00F84A90 /* Multiple Screens.app */,
				8C714B492509D3CF00F84A90 /* Multiple Screens WatchKit App.app */,
				8C714B582509D3D000F84A90 /* Multiple Screens WatchKit Extension.appex */,
			);
			name = Products;
			sourceTree = "<group>";
		};
		8C714B372509D3CD00F84A90 /* Multiple Screens */ = {
			isa = PBXGroup;
			children = (
				8C714B382509D3CD00F84A90 /* AppDelegate.swift */,
				8C714B3A2509D3CD00F84A90 /* SceneDelegate.swift */,
				8C714B3C2509D3CD00F84A90 /* ViewController.swift */,
				8C714B3E2509D3CD00F84A90 /* Main.storyboard */,
				8C714B412509D3CF00F84A90 /* Assets.xcassets */,
				8C714B432509D3CF00F84A90 /* LaunchScreen.storyboard */,
				8C714B462509D3CF00F84A90 /* Info.plist */,
			);
			path = "Multiple Screens";
			sourceTree = "<group>";
		};
		8C714B4D2509D3CF00F84A90 /* Multiple Screens WatchKit App */ = {
			isa = PBXGroup;
			children = (
				8C714B4E2509D3CF00F84A90 /* Interface.storyboard */,
				8C714B512509D3D000F84A90 /* Assets.xcassets */,
				8C714B532509D3D000F84A90 /* Info.plist */,
			);
			path = "Multiple Screens WatchKit App";
			sourceTree = "<group>";
		};
		8C714B5C2509D3D000F84A90 /* Multiple Screens WatchKit Extension */ = {
			isa = PBXGroup;
			children = (
				8C714B5D2509D3D000F84A90 /* InterfaceController.swift */,
				8C714B5F2509D3D000F84A90 /* ExtensionDelegate.swift */,
				8C714B612509D3D000F84A90 /* NotificationController.swift */,
				8C714B632509D3D100F84A90 /* Assets.xcassets */,
				8C714B652509D3D100F84A90 /* Info.plist */,
				8C714B662509D3D100F84A90 /* PushNotificationPayload.apns */,
			);
			path = "Multiple Screens WatchKit Extension";
			sourceTree = "<group>";
		};
/* End PBXGroup section */

/* Begin PBXNativeTarget section */
		8C714B342509D3CD00F84A90 /* Multiple Screens */ = {
			isa = PBXNativeTarget;
			buildConfigurationList = 8C714B712509D3D100F84A90 /* Build configuration list for PBXNativeTarget "Multiple Screens" */;
			buildPhases = (
				8C714B312509D3CD00F84A90 /* Sources */,
				8C714B322509D3CD00F84A90 /* Frameworks */,
				8C714B332509D3CD00F84A90 /* Resources */,
				8C714B702509D3D100F84A90 /* Embed Watch Content */,
			);
			buildRules = (
			);
			dependencies = (
				8C714B4C2509D3CF00F84A90 /* PBXTargetDependency */,
			);
			name = "Multiple Screens";
			productName = "Multiple Screens";
			productReference = 8C714B352509D3CD00F84A90 /* Multiple Screens.app */;
			productType = "com.apple.product-type.application";
		};
		8C714B482509D3CF00F84A90 /* Multiple Screens WatchKit App */ = {
			isa = PBXNativeTarget;
			buildConfigurationList = 8C714B6D2509D3D100F84A90 /* Build configuration list for PBXNativeTarget "Multiple Screens WatchKit App" */;
			buildPhases = (
				8C714B472509D3CF00F84A90 /* Resources */,
				8C714B6C2509D3D100F84A90 /* Embed App Extensions */,
			);
			buildRules = (
			);
			dependencies = (
				8C714B5B2509D3D000F84A90 /* PBXTargetDependency */,
			);
			name = "Multiple Screens WatchKit App";
			productName = "Multiple Screens WatchKit App";
			productReference = 8C714B492509D3CF00F84A90 /* Multiple Screens WatchKit App.app */;
			productType = "com.apple.product-type.application.watchapp2";
		};
		8C714B572509D3D000F84A90 /* Multiple Screens WatchKit Extension */ = {
			isa = PBXNativeTarget;
			buildConfigurationList = 8C714B692509D3D100F84A90 /* Build configuration list for PBXNativeTarget "Multiple Screens WatchKit Extension" */;
			buildPhases = (
				8C714B542509D3D000F84A90 /* Sources */,
				8C714B552509D3D000F84A90 /* Frameworks */,
				8C714B562509D3D000F84A90 /* Resources */,
			);
			buildRules = (
			);
			dependencies = (
			);
			name = "Multiple Screens WatchKit Extension";
			productName = "Multiple Screens WatchKit Extension";
			productReference = 8C714B582509D3D000F84A90 /* Multiple Screens WatchKit Extension.appex */;
			productType = "com.apple.product-type.watchkit2-extension";
		};
/* End PBXNativeTarget section */

/* Begin PBXProject section */
		8C714B2D2509D3CD00F84A90 /* Project object */ = {
			isa = PBXProject;
			attributes = {
				LastSwiftUpdateCheck = 1150;
				LastUpgradeCheck = 1150;
				ORGANIZATIONNAME = "Tatsuya Moriguchi";
				TargetAttributes = {
					8C714B342509D3CD00F84A90 = {
						CreatedOnToolsVersion = 11.5;
					};
					8C714B482509D3CF00F84A90 = {
						CreatedOnToolsVersion = 11.5;
					};
					8C714B572509D3D000F84A90 = {
						CreatedOnToolsVersion = 11.5;
					};
				};
			};
			buildConfigurationList = 8C714B302509D3CD00F84A90 /* Build configuration list for PBXProject "Multiple Screens" */;
			compatibilityVersion = "Xcode 9.3";
			developmentRegion = en;
			hasScannedForEncodings = 0;
			knownRegions = (
				en,
				Base,
			);
			mainGroup = 8C714B2C2509D3CD00F84A90;
			productRefGroup = 8C714B362509D3CD00F84A90 /* Products */;
			projectDirPath = "";
			projectRoot = "";
			targets = (
				8C714B342509D3CD00F84A90 /* Multiple Screens */,
				8C714B482509D3CF00F84A90 /* Multiple Screens WatchKit App */,
				8C714B572509D3D000F84A90 /* Multiple Screens WatchKit Extension */,
			);
		};
/* End PBXProject section */

/* Begin PBXResourcesBuildPhase section */
		8C714B332509D3CD00F84A90 /* Resources */ = {
			isa = PBXResourcesBuildPhase;
			buildActionMask = 2147483647;
			files = (
				8C714B452509D3CF00F84A90 /* LaunchScreen.storyboard in Resources */,
				8C714B422509D3CF00F84A90 /* Assets.xcassets in Resources */,
				8C714B402509D3CD00F84A90 /* Main.storyboard in Resources */,
			);
			runOnlyForDeploymentPostprocessing = 0;
		};
		8C714B472509D3CF00F84A90 /* Resources */ = {
			isa = PBXResourcesBuildPhase;
			buildActionMask = 2147483647;
			files = (
				8C714B522509D3D000F84A90 /* Assets.xcassets in Resources */,
				8C714B502509D3CF00F84A90 /* Interface.storyboard in Resources */,
			);
			runOnlyForDeploymentPostprocessing = 0;
		};
		8C714B562509D3D000F84A90 /* Resources */ = {
			isa = PBXResourcesBuildPhase;
			buildActionMask = 2147483647;
			files = (
				8C714B642509D3D100F84A90 /* Assets.xcassets in Resources */,
			);
			runOnlyForDeploymentPostprocessing = 0;
		};
/* End PBXResourcesBuildPhase section */

/* Begin PBXSourcesBuildPhase section */
		8C714B312509D3CD00F84A90 /* Sources */ = {
			isa = PBXSourcesBuildPhase;
			buildActionMask = 2147483647;
			files = (
				8C714B3D2509D3CD00F84A90 /* ViewController.swift in Sources */,
				8C714B392509D3CD00F84A90 /* AppDelegate.swift in Sources */,
				8C714B3B2509D3CD00F84A90 /* SceneDelegate.swift in Sources */,
			);
			runOnlyForDeploymentPostprocessing = 0;
		};
		8C714B542509D3D000F84A90 /* Sources */ = {
			isa = PBXSourcesBuildPhase;
			buildActionMask = 2147483647;
			files = (
				8C714B622509D3D000F84A90 /* NotificationController.swift in Sources */,
				8C714B602509D3D000F84A90 /* ExtensionDelegate.swift in Sources */,
				8C714B5E2509D3D000F84A90 /* InterfaceController.swift in Sources */,
			);
			runOnlyForDeploymentPostprocessing = 0;
		};
/* End PBXSourcesBuildPhase section */

/* Begin PBXTargetDependency section */
		8C714B4C2509D3CF00F84A90 /* PBXTargetDependency */ = {
			isa = PBXTargetDependency;
			target = 8C714B482509D3CF00F84A90 /* Multiple Screens WatchKit App */;
			targetProxy = 8C714B4B2509D3CF00F84A90 /* PBXContainerItemProxy */;
		};
		8C714B5B2509D3D000F84A90 /* PBXTargetDependency */ = {
			isa = PBXTargetDependency;
			target = 8C714B572509D3D000F84A90 /* Multiple Screens WatchKit Extension */;
			targetProxy = 8C714B5A2509D3D000F84A90 /* PBXContainerItemProxy */;
		};
/* End PBXTargetDependency section */

/* Begin PBXVariantGroup section */
		8C714B3E2509D3CD00F84A90 /* Main.storyboard */ = {
			isa = PBXVariantGroup;
			children = (
				8C714B3F2509D3CD00F84A90 /* Base */,
			);
			name = Main.storyboard;
			sourceTree = "<group>";
		};
		8C714B432509D3CF00F84A90 /* LaunchScreen.storyboard */ = {
			isa = PBXVariantGroup;
			children = (
				8C714B442509D3CF00F84A90 /* Base */,
			);
			name = LaunchScreen.storyboard;
			sourceTree = "<group>";
		};
		8C714B4E2509D3CF00F84A90 /* Interface.storyboard */ = {
			isa = PBXVariantGroup;
			children = (
				8C714B4F2509D3CF00F84A90 /* Base */,
			);
			name = Interface.storyboard;
			sourceTree = "<group>";
		};
/* End PBXVariantGroup section */

/* Begin XCBuildConfiguration section */
		8C714B672509D3D100F84A90 /* Debug */ = {
			isa = XCBuildConfiguration;
			buildSettings = {
				ALWAYS_SEARCH_USER_PATHS = NO;
				CLANG_ANALYZER_NONNULL = YES;
				CLANG_ANALYZER_NUMBER_OBJECT_CONVERSION = YES_AGGRESSIVE;
				CLANG_CXX_LANGUAGE_STANDARD = "gnu++14";
				CLANG_CXX_LIBRARY = "libc++";
				CLANG_ENABLE_MODULES = YES;
				CLANG_ENABLE_OBJC_ARC = YES;
				CLANG_ENABLE_OBJC_WEAK = YES;
				CLANG_WARN_BLOCK_CAPTURE_AUTORELEASING = YES;
				CLANG_WARN_BOOL_CONVERSION = YES;
				CLANG_WARN_COMMA = YES;
				CLANG_WARN_CONSTANT_CONVERSION = YES;
				CLANG_WARN_DEPRECATED_OBJC_IMPLEMENTATIONS = YES;
				CLANG_WARN_DIRECT_OBJC_ISA_USAGE = YES_ERROR;
				CLANG_WARN_DOCUMENTATION_COMMENTS = YES;
				CLANG_WARN_EMPTY_BODY = YES;
				CLANG_WARN_ENUM_CONVERSION = YES;
				CLANG_WARN_INFINITE_RECURSION = YES;
				CLANG_WARN_INT_CONVERSION = YES;
				CLANG_WARN_NON_LITERAL_NULL_CONVERSION = YES;
				CLANG_WARN_OBJC_IMPLICIT_RETAIN_SELF = YES;
				CLANG_WARN_OBJC_LITERAL_CONVERSION = YES;
				CLANG_WARN_OBJC_ROOT_CLASS = YES_ERROR;
				CLANG_WARN_RANGE_LOOP_ANALYSIS = YES;
				CLANG_WARN_STRICT_PROTOTYPES = YES;
				CLANG_WARN_SUSPICIOUS_MOVE = YES;
				CLANG_WARN_UNGUARDED_AVAILABILITY = YES_AGGRESSIVE;
				CLANG_WARN_UNREACHABLE_CODE = YES;
				CLANG_WARN__DUPLICATE_METHOD_MATCH = YES;
				COPY_PHASE_STRIP = NO;
				DEBUG_INFORMATION_FORMAT = dwarf;
				ENABLE_STRICT_OBJC_MSGSEND = YES;
				ENABLE_TESTABILITY = YES;
				GCC_C_LANGUAGE_STANDARD = gnu11;
				GCC_DYNAMIC_NO_PIC = NO;
				GCC_NO_COMMON_BLOCKS = YES;
				GCC_OPTIMIZATION_LEVEL = 0;
				GCC_PREPROCESSOR_DEFINITIONS = (
					"DEBUG=1",
					"$(inherited)",
				);
				GCC_WARN_64_TO_32_BIT_CONVERSION = YES;
				GCC_WARN_ABOUT_RETURN_TYPE = YES_ERROR;
				GCC_WARN_UNDECLARED_SELECTOR = YES;
				GCC_WARN_UNINITIALIZED_AUTOS = YES_AGGRESSIVE;
				GCC_WARN_UNUSED_FUNCTION = YES;
				GCC_WARN_UNUSED_VARIABLE = YES;
				IPHONEOS_DEPLOYMENT_TARGET = 13.5;
				MTL_ENABLE_DEBUG_INFO = INCLUDE_SOURCE;
				MTL_FAST_MATH = YES;
				ONLY_ACTIVE_ARCH = YES;
				SDKROOT = iphoneos;
				SWIFT_ACTIVE_COMPILATION_CONDITIONS = DEBUG;
				SWIFT_OPTIMIZATION_LEVEL = "-Onone";
			};
			name = Debug;
		};
		8C714B682509D3D100F84A90 /* Release */ = {
			isa = XCBuildConfiguration;
			buildSettings = {
				ALWAYS_SEARCH_USER_PATHS = NO;
				CLANG_ANALYZER_NONNULL = YES;
				CLANG_ANALYZER_NUMBER_OBJECT_CONVERSION = YES_AGGRESSIVE;
				CLANG_CXX_LANGUAGE_STANDARD = "gnu++14";
				CLANG_CXX_LIBRARY = "libc++";
				CLANG_ENABLE_MODULES = YES;
				CLANG_ENABLE_OBJC_ARC = YES;
				CLANG_ENABLE_OBJC_WEAK = YES;
				CLANG_WARN_BLOCK_CAPTURE_AUTORELEASING = YES;
				CLANG_WARN_BOOL_CONVERSION = YES;
				CLANG_WARN_COMMA = YES;
				CLANG_WARN_CONSTANT_CONVERSION = YES;
				CLANG_WARN_DEPRECATED_OBJC_IMPLEMENTATIONS = YES;
				CLANG_WARN_DIRECT_OBJC_ISA_USAGE = YES_ERROR;
				CLANG_WARN_DOCUMENTATION_COMMENTS = YES;
				CLANG_WARN_EMPTY_BODY = YES;
				CLANG_WARN_ENUM_CONVERSION = YES;
				CLANG_WARN_INFINITE_RECURSION = YES;
				CLANG_WARN_INT_CONVERSION = YES;
				CLANG_WARN_NON_LITERAL_NULL_CONVERSION = YES;
				CLANG_WARN_OBJC_IMPLICIT_RETAIN_SELF = YES;
				CLANG_WARN_OBJC_LITERAL_CONVERSION = YES;
				CLANG_WARN_OBJC_ROOT_CLASS = YES_ERROR;
				CLANG_WARN_RANGE_LOOP_ANALYSIS = YES;
				CLANG_WARN_STRICT_PROTOTYPES = YES;
				CLANG_WARN_SUSPICIOUS_MOVE = YES;
				CLANG_WARN_UNGUARDED_AVAILABILITY = YES_AGGRESSIVE;
				CLANG_WARN_UNREACHABLE_CODE = YES;
				CLANG_WARN__DUPLICATE_METHOD_MATCH = YES;
				COPY_PHASE_STRIP = NO;
				DEBUG_INFORMATION_FORMAT = "dwarf-with-dsym";
				ENABLE_NS_ASSERTIONS = NO;
				ENABLE_STRICT_OBJC_MSGSEND = YES;
				GCC_C_LANGUAGE_STANDARD = gnu11;
				GCC_NO_COMMON_BLOCKS = YES;
				GCC_WARN_64_TO_32_BIT_CONVERSION = YES;
				GCC_WARN_ABOUT_RETURN_TYPE = YES_ERROR;
				GCC_WARN_UNDECLARED_SELECTOR = YES;
				GCC_WARN_UNINITIALIZED_AUTOS = YES_AGGRESSIVE;
				GCC_WARN_UNUSED_FUNCTION = YES;
				GCC_WARN_UNUSED_VARIABLE = YES;
				IPHONEOS_DEPLOYMENT_TARGET = 13.5;
				MTL_ENABLE_DEBUG_INFO = NO;
				MTL_FAST_MATH = YES;
				SDKROOT = iphoneos;
				SWIFT_COMPILATION_MODE = wholemodule;
				SWIFT_OPTIMIZATION_LEVEL = "-O";
				VALIDATE_PRODUCT = YES;
			};
			name = Release;
		};
		8C714B6A2509D3D100F84A90 /* Debug */ = {
			isa = XCBuildConfiguration;
			buildSettings = {
				ASSETCATALOG_COMPILER_COMPLICATION_NAME = Complication;
				CODE_SIGN_STYLE = Automatic;
				DEVELOPMENT_TEAM = GY7BG2G9TC;
				INFOPLIST_FILE = "Multiple Screens WatchKit Extension/Info.plist";
				LD_RUNPATH_SEARCH_PATHS = (
					"$(inherited)",
					"@executable_path/Frameworks",
					"@executable_path/../../Frameworks",
				);
				PRODUCT_BUNDLE_IDENTIFIER = "com.beckos.Multiple-Screens.watchkitapp.watchkitextension";
				PRODUCT_NAME = "${TARGET_NAME}";
				SDKROOT = watchos;
				SKIP_INSTALL = YES;
				SWIFT_VERSION = 5.0;
				TARGETED_DEVICE_FAMILY = 4;
				WATCHOS_DEPLOYMENT_TARGET = 6.2;
			};
			name = Debug;
		};
		8C714B6B2509D3D100F84A90 /* Release */ = {
			isa = XCBuildConfiguration;
			buildSettings = {
				ASSETCATALOG_COMPILER_COMPLICATION_NAME = Complication;
				CODE_SIGN_STYLE = Automatic;
				DEVELOPMENT_TEAM = GY7BG2G9TC;
				INFOPLIST_FILE = "Multiple Screens WatchKit Extension/Info.plist";
				LD_RUNPATH_SEARCH_PATHS = (
					"$(inherited)",
					"@executable_path/Frameworks",
					"@executable_path/../../Frameworks",
				);
				PRODUCT_BUNDLE_IDENTIFIER = "com.beckos.Multiple-Screens.watchkitapp.watchkitextension";
				PRODUCT_NAME = "${TARGET_NAME}";
				SDKROOT = watchos;
				SKIP_INSTALL = YES;
				SWIFT_VERSION = 5.0;
				TARGETED_DEVICE_FAMILY = 4;
				WATCHOS_DEPLOYMENT_TARGET = 6.2;
			};
			name = Release;
		};
		8C714B6E2509D3D100F84A90 /* Debug */ = {
			isa = XCBuildConfiguration;
			buildSettings = {
				ALWAYS_EMBED_SWIFT_STANDARD_LIBRARIES = YES;
				ASSETCATALOG_COMPILER_APPICON_NAME = AppIcon;
				CODE_SIGN_STYLE = Automatic;
				DEVELOPMENT_TEAM = GY7BG2G9TC;
				IBSC_MODULE = Multiple_Screens_WatchKit_Extension;
				INFOPLIST_FILE = "Multiple Screens WatchKit App/Info.plist";
				PRODUCT_BUNDLE_IDENTIFIER = "com.beckos.Multiple-Screens.watchkitapp";
				PRODUCT_NAME = "$(TARGET_NAME)";
				SDKROOT = watchos;
				SKIP_INSTALL = YES;
				SWIFT_VERSION = 5.0;
				TARGETED_DEVICE_FAMILY = 4;
				WATCHOS_DEPLOYMENT_TARGET = 6.2;
			};
			name = Debug;
		};
		8C714B6F2509D3D100F84A90 /* Release */ = {
			isa = XCBuildConfiguration;
			buildSettings = {
				ALWAYS_EMBED_SWIFT_STANDARD_LIBRARIES = YES;
				ASSETCATALOG_COMPILER_APPICON_NAME = AppIcon;
				CODE_SIGN_STYLE = Automatic;
				DEVELOPMENT_TEAM = GY7BG2G9TC;
				IBSC_MODULE = Multiple_Screens_WatchKit_Extension;
				INFOPLIST_FILE = "Multiple Screens WatchKit App/Info.plist";
				PRODUCT_BUNDLE_IDENTIFIER = "com.beckos.Multiple-Screens.watchkitapp";
				PRODUCT_NAME = "$(TARGET_NAME)";
				SDKROOT = watchos;
				SKIP_INSTALL = YES;
				SWIFT_VERSION = 5.0;
				TARGETED_DEVICE_FAMILY = 4;
				WATCHOS_DEPLOYMENT_TARGET = 6.2;
			};
			name = Release;
		};
		8C714B722509D3D100F84A90 /* Debug */ = {
			isa = XCBuildConfiguration;
			buildSettings = {
				ASSETCATALOG_COMPILER_APPICON_NAME = AppIcon;
				CODE_SIGN_STYLE = Automatic;
				DEVELOPMENT_TEAM = GY7BG2G9TC;
				INFOPLIST_FILE = "Multiple Screens/Info.plist";
				LD_RUNPATH_SEARCH_PATHS = (
					"$(inherited)",
					"@executable_path/Frameworks",
				);
				PRODUCT_BUNDLE_IDENTIFIER = "com.beckos.Multiple-Screens";
				PRODUCT_NAME = "$(TARGET_NAME)";
				SWIFT_VERSION = 5.0;
				TARGETED_DEVICE_FAMILY = "1,2";
			};
			name = Debug;
		};
		8C714B732509D3D100F84A90 /* Release */ = {
			isa = XCBuildConfiguration;
			buildSettings = {
				ASSETCATALOG_COMPILER_APPICON_NAME = AppIcon;
				CODE_SIGN_STYLE = Automatic;
				DEVELOPMENT_TEAM = GY7BG2G9TC;
				INFOPLIST_FILE = "Multiple Screens/Info.plist";
				LD_RUNPATH_SEARCH_PATHS = (
					"$(inherited)",
					"@executable_path/Frameworks",
				);
				PRODUCT_BUNDLE_IDENTIFIER = "com.beckos.Multiple-Screens";
				PRODUCT_NAME = "$(TARGET_NAME)";
				SWIFT_VERSION = 5.0;
				TARGETED_DEVICE_FAMILY = "1,2";
			};
			name = Release;
		};
/* End XCBuildConfiguration section */

/* Begin XCConfigurationList section */
		8C714B302509D3CD00F84A90 /* Build configuration list for PBXProject "Multiple Screens" */ = {
			isa = XCConfigurationList;
			buildConfigurations = (
				8C714B672509D3D100F84A90 /* Debug */,
				8C714B682509D3D100F84A90 /* Release */,
			);
			defaultConfigurationIsVisible = 0;
			defaultConfigurationName = Release;
		};
		8C714B692509D3D100F84A90 /* Build configuration list for PBXNativeTarget "Multiple Screens WatchKit Extension" */ = {
			isa = XCConfigurationList;
			buildConfigurations = (
				8C714B6A2509D3D100F84A90 /* Debug */,
				8C714B6B2509D3D100F84A90 /* Release */,
			);
			defaultConfigurationIsVisible = 0;
			defaultConfigurationName = Release;
		};
		8C714B6D2509D3D100F84A90 /* Build configuration list for PBXNativeTarget "Multiple Screens WatchKit App" */ = {
			isa = XCConfigurationList;
			buildConfigurations = (
				8C714B6E2509D3D100F84A90 /* Debug */,
				8C714B6F2509D3D100F84A90 /* Release */,
			);
			defaultConfigurationIsVisible = 0;
			defaultConfigurationName = Release;
		};
		8C714B712509D3D100F84A90 /* Build configuration list for PBXNativeTarget "Multiple Screens" */ = {
			isa = XCConfigurationList;
			buildConfigurations = (
				8C714B722509D3D100F84A90 /* Debug */,
				8C714B732509D3D100F84A90 /* Release */,
			);
			defaultConfigurationIsVisible = 0;
			defaultConfigurationName = Release;
		};
/* End XCConfigurationList section */
	};
	rootObject = 8C714B2D2509D3CD00F84A90 /* Project object */;
}
